
Microsoft Visual Studio Solution File, Format Version 12.00
# Visual Studio Version 17
VisualStudioVersion = 17.9.34728.123
MinimumVisualStudioVersion = 10.0.40219.1
Project("{FAE04EC0-301F-11D3-BF4B-00C04F79EFBC}") = "Övning 1 C#", "Övning 1 C#.csproj", "{B4BEA1AB-8843-42DC-B92F-9B5F23A2804B}"
EndProject
Global
	GlobalSection(SolutionConfigurationPlatforms) = preSolution
		Debug|Any CPU = Debug|Any CPU
		Release|Any CPU = Release|Any CPU
	EndGlobalSection
	GlobalSection(ProjectConfigurationPlatforms) = postSolution
		{B4BEA1AB-8843-42DC-B92F-9B5F23A2804B}.Debug|Any CPU.ActiveCfg = Debug|Any CPU
		{B4BEA1AB-8843-42DC-B92F-9B5F23A2804B}.Debug|Any CPU.Build.0 = Debug|Any CPU
		{B4BEA1AB-8843-42DC-B92F-9B5F23A2804B}.Release|Any CPU.ActiveCfg = Release|Any CPU
		{B4BEA1AB-8843-42DC-B92F-9B5F23A2804B}.Release|Any CPU.Build.0 = Release|Any CPU
	EndGlobalSection
	GlobalSection(SolutionProperties) = preSolution
		HideSolutionNode = FALSE
	EndGlobalSection
	GlobalSection(ExtensibilityGlobals) = postSolution
		SolutionGuid = {77ADA5AD-16C4-4BFB-82A9-CD77FF96C8CE}
	EndGlobalSection
EndGlobal
